
Microsoft Visual Studio Solution File, Format Version 12.00
# Visual Studio Version 16
VisualStudioVersion = 16.0.29806.167
MinimumVisualStudioVersion = 10.0.40219.1
Project("{FAE04EC0-301F-11D3-BF4B-00C04F79EFBC}") = "CSharp_Client", "CSharp_Client\CSharp_Client.csproj", "{1F3B82D7-C30E-4A1F-BBD0-7945EAA6460B}"
EndProject
Project("{9A19103F-16F7-4668-BE54-9A1E7A4F7556}") = "CSharp_Server", "CSharp_Server\CSharp_Server.csproj", "{8E3C36E7-FD35-4245-9002-592272F9DDB0}"
EndProject
Project("{888888A0-9F3D-457C-B088-3A5042F75D52}") = "Python_Client", "Python_Client\Python_Client.pyproj", "{F6AC3AAB-D144-4DCB-AAD1-035791615E66}"
EndProject
Global
	GlobalSection(SolutionConfigurationPlatforms) = preSolution
		Debug|Any CPU = Debug|Any CPU
		Release|Any CPU = Release|Any CPU
	EndGlobalSection
	GlobalSection(ProjectConfigurationPlatforms) = postSolution
		{1F3B82D7-C30E-4A1F-BBD0-7945EAA6460B}.Debug|Any CPU.ActiveCfg = Debug|Any CPU
		{1F3B82D7-C30E-4A1F-BBD0-7945EAA6460B}.Debug|Any CPU.Build.0 = Debug|Any CPU
		{1F3B82D7-C30E-4A1F-BBD0-7945EAA6460B}.Release|Any CPU.ActiveCfg = Release|Any CPU
		{1F3B82D7-C30E-4A1F-BBD0-7945EAA6460B}.Release|Any CPU.Build.0 = Release|Any CPU
		{8E3C36E7-FD35-4245-9002-592272F9DDB0}.Debug|Any CPU.ActiveCfg = Debug|Any CPU
		{8E3C36E7-FD35-4245-9002-592272F9DDB0}.Debug|Any CPU.Build.0 = Debug|Any CPU
		{8E3C36E7-FD35-4245-9002-592272F9DDB0}.Release|Any CPU.ActiveCfg = Release|Any CPU
		{8E3C36E7-FD35-4245-9002-592272F9DDB0}.Release|Any CPU.Build.0 = Release|Any CPU
		{F6AC3AAB-D144-4DCB-AAD1-035791615E66}.Debug|Any CPU.ActiveCfg = Debug|Any CPU
		{F6AC3AAB-D144-4DCB-AAD1-035791615E66}.Release|Any CPU.ActiveCfg = Release|Any CPU
	EndGlobalSection
	GlobalSection(SolutionProperties) = preSolution
		HideSolutionNode = FALSE
	EndGlobalSection
	GlobalSection(ExtensibilityGlobals) = postSolution
		SolutionGuid = {2756CA85-01F8-4873-BBC5-01911C47AA18}
	EndGlobalSection
EndGlobal
